
Microsoft Visual Studio Solution File, Format Version 12.00
# Visual Studio Version 17
VisualStudioVersion = 17.2.32516.85
MinimumVisualStudioVersion = 10.0.40219.1
Project("{FAE04EC0-301F-11D3-BF4B-00C04F79EFBC}") = "FitnessCenterMidterm", "FitnessCenterMidterm\FitnessCenterMidterm.csproj", "{C6F23240-1385-40FE-9B85-D5285EEE8F25}"
EndProject
Global
	GlobalSection(SolutionConfigurationPlatforms) = preSolution
		Debug|Any CPU = Debug|Any CPU
		Release|Any CPU = Release|Any CPU
	EndGlobalSection
	GlobalSection(ProjectConfigurationPlatforms) = postSolution
		{C6F23240-1385-40FE-9B85-D5285EEE8F25}.Debug|Any CPU.ActiveCfg = Debug|Any CPU
		{C6F23240-1385-40FE-9B85-D5285EEE8F25}.Debug|Any CPU.Build.0 = Debug|Any CPU
		{C6F23240-1385-40FE-9B85-D5285EEE8F25}.Release|Any CPU.ActiveCfg = Release|Any CPU
		{C6F23240-1385-40FE-9B85-D5285EEE8F25}.Release|Any CPU.Build.0 = Release|Any CPU
	EndGlobalSection
	GlobalSection(SolutionProperties) = preSolution
		HideSolutionNode = FALSE
	EndGlobalSection
	GlobalSection(ExtensibilityGlobals) = postSolution
		SolutionGuid = {DF067A6F-7239-431C-A603-AD45406946CF}
	EndGlobalSection
EndGlobal
